{
  "requires": true,
  "lockfileVersion": 1,
  "dependencies": {
    "cloudinary-jquery-file-upload": {
      "version": "2.6.3",
      "resolved": "https://registry.npmjs.org/cloudinary-jquery-file-upload/-/cloudinary-jquery-file-upload-2.6.3.tgz",
      "integrity": "sha512-9EC4VjE2Tyh+AFHr0Y9sU4rYUlspTlb/JCEdPWXKCTyJ/aqGQrHLVB3WKKPr8UxG1RpmaaIve8EW8Y66EhC9Qg=="
    }
  }
}
